{
  "requires": true,
  "lockfileVersion": 1,
  "dependencies": {
    "async-lock": {
      "version": "1.2.0",
      "resolved": "https://registry.npmjs.org/async-lock/-/async-lock-1.2.0.tgz",
      "integrity": "sha512-81HzTQm4+qMj6PwNlnR+y9g7pDdGGzd/YBUrQnHk+BhR28ja2qv497NkQQc1KcKEqh/RShm07di2b0cIWVFrNQ=="
    }
  }
}
